// !$*UTF8*$!
{
	archiveVersion = 1;
	classes = {
	};
	objectVersion = 46;
	objects = {

/* Begin PBXBuildFile section */
		7E5C8FF11BD72BA700DA1D78 /* AppDelegate.swift in Sources */ = {isa = PBXBuildFile; fileRef = 7E5C8FF01BD72BA700DA1D78 /* AppDelegate.swift */; };
		7E5C8FF61BD72BA700DA1D78 /* Main.storyboard in Resources */ = {isa = PBXBuildFile; fileRef = 7E5C8FF41BD72BA700DA1D78 /* Main.storyboard */; };
		7E5C900B1BD72D2E00DA1D78 /* UserDetailViewController.swift in Sources */ = {isa = PBXBuildFile; fileRef = 7E5C900A1BD72D2E00DA1D78 /* UserDetailViewController.swift */; settings = {ASSET_TAGS = (); }; };
		7E5C90131BD72E0E00DA1D78 /* RepositoriesViewController.swift in Sources */ = {isa = PBXBuildFile; fileRef = 7E5C90121BD72E0E00DA1D78 /* RepositoriesViewController.swift */; settings = {ASSET_TAGS = (); }; };
		7E5C90151BD72E3600DA1D78 /* DiscoveryViewController.swift in Sources */ = {isa = PBXBuildFile; fileRef = 7E5C90141BD72E3600DA1D78 /* DiscoveryViewController.swift */; settings = {ASSET_TAGS = (); }; };
		7E5C90171BD72E4700DA1D78 /* MoreViewController.swift in Sources */ = {isa = PBXBuildFile; fileRef = 7E5C90161BD72E4700DA1D78 /* MoreViewController.swift */; settings = {ASSET_TAGS = (); }; };
		7E5C90191BD72F5F00DA1D78 /* HomeTabViewController.swift in Sources */ = {isa = PBXBuildFile; fileRef = 7E5C90181BD72F5F00DA1D78 /* HomeTabViewController.swift */; settings = {ASSET_TAGS = (); }; };
		7E5C907F1BD732DE00DA1D78 /* Images.xcassets in Resources */ = {isa = PBXBuildFile; fileRef = 7E5C907E1BD732DE00DA1D78 /* Images.xcassets */; settings = {ASSET_TAGS = (); }; };
		7E5C90841BD75B6C00DA1D78 /* LaunchScreen.storyboard in Resources */ = {isa = PBXBuildFile; fileRef = 7E5C90821BD75B6C00DA1D78 /* LaunchScreen.storyboard */; settings = {ASSET_TAGS = (); }; };
		7E5C90861BD7760A00DA1D78 /* UserRankTableViewController.swift in Sources */ = {isa = PBXBuildFile; fileRef = 7E5C90851BD7760A00DA1D78 /* UserRankTableViewController.swift */; settings = {ASSET_TAGS = (); }; };
		7E5C90881BD77BB700DA1D78 /* RankTableViewCell.swift in Sources */ = {isa = PBXBuildFile; fileRef = 7E5C90871BD77BB700DA1D78 /* RankTableViewCell.swift */; settings = {ASSET_TAGS = (); }; };
		7E5C908C1BD77F2C00DA1D78 /* User.swift in Sources */ = {isa = PBXBuildFile; fileRef = 7E5C908B1BD77F2C00DA1D78 /* User.swift */; settings = {ASSET_TAGS = (); }; };
		7E5C90EE1BD791F700DA1D78 /* Alamofire.framework in Frameworks */ = {isa = PBXBuildFile; fileRef = 7E5C90E51BD791DF00DA1D78 /* Alamofire.framework */; };
		7E5C90EF1BD791F700DA1D78 /* Alamofire.framework in Embed Frameworks */ = {isa = PBXBuildFile; fileRef = 7E5C90E51BD791DF00DA1D78 /* Alamofire.framework */; settings = {ATTRIBUTES = (CodeSignOnCopy, RemoveHeadersOnCopy, ); }; };
		7E5C90F31BD7920500DA1D78 /* SwiftyJSON.framework in Frameworks */ = {isa = PBXBuildFile; fileRef = 7E5C90D31BD791D100DA1D78 /* SwiftyJSON.framework */; };
		7E5C90F41BD7920500DA1D78 /* SwiftyJSON.framework in Embed Frameworks */ = {isa = PBXBuildFile; fileRef = 7E5C90D31BD791D100DA1D78 /* SwiftyJSON.framework */; settings = {ATTRIBUTES = (CodeSignOnCopy, RemoveHeadersOnCopy, ); }; };
		7E5C90F81BD7956A00DA1D78 /* Server.swift in Sources */ = {isa = PBXBuildFile; fileRef = 7E5C90F71BD7956A00DA1D78 /* Server.swift */; settings = {ASSET_TAGS = (); }; };
		7EEDBFCD1BD8C59E00D576A9 /* LanguageTableViewController.swift in Sources */ = {isa = PBXBuildFile; fileRef = 7EEDBFCC1BD8C59E00D576A9 /* LanguageTableViewController.swift */; settings = {ASSET_TAGS = (); }; };
		7EEDBFCF1BD8C62500D576A9 /* CountyTableViewController.swift in Sources */ = {isa = PBXBuildFile; fileRef = 7EEDBFCE1BD8C62500D576A9 /* CountyTableViewController.swift */; settings = {ASSET_TAGS = (); }; };
		7EEDBFD11BD8C63800D576A9 /* CityTableViewController.swift in Sources */ = {isa = PBXBuildFile; fileRef = 7EEDBFD01BD8C63800D576A9 /* CityTableViewController.swift */; settings = {ASSET_TAGS = (); }; };
		7EEDBFD31BD8E4EE00D576A9 /* Language.swift in Sources */ = {isa = PBXBuildFile; fileRef = 7EEDBFD21BD8E4EE00D576A9 /* Language.swift */; settings = {ASSET_TAGS = (); }; };
/* End PBXBuildFile section */

/* Begin PBXContainerItemProxy section */
		7E5C90D21BD791D100DA1D78 /* PBXContainerItemProxy */ = {
			isa = PBXContainerItemProxy;
			containerPortal = 7E5C90CA1BD791D100DA1D78 /* SwiftyJSON.xcodeproj */;
			proxyType = 2;
			remoteGlobalIDString = 2E4FEFDB19575BE100351305;
			remoteInfo = "SwiftyJSON iOS";
		};
		7E5C90D41BD791D100DA1D78 /* PBXContainerItemProxy */ = {
			isa = PBXContainerItemProxy;
			containerPortal = 7E5C90CA1BD791D100DA1D78 /* SwiftyJSON.xcodeproj */;
			proxyType = 2;
			remoteGlobalIDString = 2E4FEFE619575BE100351305;
			remoteInfo = "SwiftyJSON iOS Tests";
		};
		7E5C90D61BD791D100DA1D78 /* PBXContainerItemProxy */ = {
			isa = PBXContainerItemProxy;
			containerPortal = 7E5C90CA1BD791D100DA1D78 /* SwiftyJSON.xcodeproj */;
			proxyType = 2;
			remoteGlobalIDString = 9C7DFC5B1A9102BD005AA3F7;
			remoteInfo = "SwiftyJSON OSX";
		};
		7E5C90D81BD791D100DA1D78 /* PBXContainerItemProxy */ = {
			isa = PBXContainerItemProxy;
			containerPortal = 7E5C90CA1BD791D100DA1D78 /* SwiftyJSON.xcodeproj */;
			proxyType = 2;
			remoteGlobalIDString = 9C7DFC651A9102BD005AA3F7;
			remoteInfo = "SwiftyJSON OSX Tests";
		};
		7E5C90DA1BD791D100DA1D78 /* PBXContainerItemProxy */ = {
			isa = PBXContainerItemProxy;
			containerPortal = 7E5C90CA1BD791D100DA1D78 /* SwiftyJSON.xcodeproj */;
			proxyType = 2;
			remoteGlobalIDString = E4D7CCE81B9465A700EE7221;
			remoteInfo = "SwiftyJSON watchOS";
		};
		7E5C90E41BD791DF00DA1D78 /* PBXContainerItemProxy */ = {
			isa = PBXContainerItemProxy;
			containerPortal = 7E5C90DC1BD791DF00DA1D78 /* Alamofire.xcodeproj */;
			proxyType = 2;
			remoteGlobalIDString = F8111E3319A95C8B0040E7D1;
			remoteInfo = "Alamofire iOS";
		};
		7E5C90E61BD791DF00DA1D78 /* PBXContainerItemProxy */ = {
			isa = PBXContainerItemProxy;
			containerPortal = 7E5C90DC1BD791DF00DA1D78 /* Alamofire.xcodeproj */;
			proxyType = 2;
			remoteGlobalIDString = 4DD67C0B1A5C55C900ED2280;
			remoteInfo = "Alamofire OSX";
		};
		7E5C90E81BD791DF00DA1D78 /* PBXContainerItemProxy */ = {
			isa = PBXContainerItemProxy;
			containerPortal = 7E5C90DC1BD791DF00DA1D78 /* Alamofire.xcodeproj */;
			proxyType = 2;
			remoteGlobalIDString = E4202FE01B667AA100C997FB;
			remoteInfo = "Alamofire watchOS";
		};
		7E5C90EA1BD791DF00DA1D78 /* PBXContainerItemProxy */ = {
			isa = PBXContainerItemProxy;
			containerPortal = 7E5C90DC1BD791DF00DA1D78 /* Alamofire.xcodeproj */;
			proxyType = 2;
			remoteGlobalIDString = F8111E3E19A95C8B0040E7D1;
			remoteInfo = "Alamofire iOS Tests";
		};
		7E5C90EC1BD791DF00DA1D78 /* PBXContainerItemProxy */ = {
			isa = PBXContainerItemProxy;
			containerPortal = 7E5C90DC1BD791DF00DA1D78 /* Alamofire.xcodeproj */;
			proxyType = 2;
			remoteGlobalIDString = F829C6B21A7A94F100A2CD59;
			remoteInfo = "Alamofire OSX Tests";
		};
		7E5C90F01BD791F700DA1D78 /* PBXContainerItemProxy */ = {
			isa = PBXContainerItemProxy;
			containerPortal = 7E5C90DC1BD791DF00DA1D78 /* Alamofire.xcodeproj */;
			proxyType = 1;
			remoteGlobalIDString = F8111E3219A95C8B0040E7D1;
			remoteInfo = "Alamofire iOS";
		};
		7E5C90F51BD7920500DA1D78 /* PBXContainerItemProxy */ = {
			isa = PBXContainerItemProxy;
			containerPortal = 7E5C90CA1BD791D100DA1D78 /* SwiftyJSON.xcodeproj */;
			proxyType = 1;
			remoteGlobalIDString = 2E4FEFDA19575BE100351305;
			remoteInfo = "SwiftyJSON iOS";
		};
/* End PBXContainerItemProxy section */

/* Begin PBXCopyFilesBuildPhase section */
		7E5C90F21BD791F700DA1D78 /* Embed Frameworks */ = {
			isa = PBXCopyFilesBuildPhase;
			buildActionMask = 2147483647;
			dstPath = "";
			dstSubfolderSpec = 10;
			files = (
				7E5C90F41BD7920500DA1D78 /* SwiftyJSON.framework in Embed Frameworks */,
				7E5C90EF1BD791F700DA1D78 /* Alamofire.framework in Embed Frameworks */,
			);
			name = "Embed Frameworks";
			runOnlyForDeploymentPostprocessing = 0;
		};
/* End PBXCopyFilesBuildPhase section */

/* Begin PBXFileReference section */
		7E5C8FED1BD72BA700DA1D78 /* Github.app */ = {isa = PBXFileReference; explicitFileType = wrapper.application; includeInIndex = 0; path = Github.app; sourceTree = BUILT_PRODUCTS_DIR; };
		7E5C8FF01BD72BA700DA1D78 /* AppDelegate.swift */ = {isa = PBXFileReference; lastKnownFileType = sourcecode.swift; path = AppDelegate.swift; sourceTree = "<group>"; };
		7E5C8FF51BD72BA700DA1D78 /* Base */ = {isa = PBXFileReference; lastKnownFileType = file.storyboard; name = Base; path = Base.lproj/Main.storyboard; sourceTree = "<group>"; };
		7E5C8FFC1BD72BA700DA1D78 /* Info.plist */ = {isa = PBXFileReference; lastKnownFileType = text.plist.xml; path = Info.plist; sourceTree = "<group>"; };
		7E5C900A1BD72D2E00DA1D78 /* UserDetailViewController.swift */ = {isa = PBXFileReference; fileEncoding = 4; lastKnownFileType = sourcecode.swift; path = UserDetailViewController.swift; sourceTree = "<group>"; };
		7E5C90121BD72E0E00DA1D78 /* RepositoriesViewController.swift */ = {isa = PBXFileReference; fileEncoding = 4; lastKnownFileType = sourcecode.swift; path = RepositoriesViewController.swift; sourceTree = "<group>"; };
		7E5C90141BD72E3600DA1D78 /* DiscoveryViewController.swift */ = {isa = PBXFileReference; fileEncoding = 4; lastKnownFileType = sourcecode.swift; path = DiscoveryViewController.swift; sourceTree = "<group>"; };
		7E5C90161BD72E4700DA1D78 /* MoreViewController.swift */ = {isa = PBXFileReference; fileEncoding = 4; lastKnownFileType = sourcecode.swift; path = MoreViewController.swift; sourceTree = "<group>"; };
		7E5C90181BD72F5F00DA1D78 /* HomeTabViewController.swift */ = {isa = PBXFileReference; fileEncoding = 4; lastKnownFileType = sourcecode.swift; path = HomeTabViewController.swift; sourceTree = "<group>"; };
		7E5C907E1BD732DE00DA1D78 /* Images.xcassets */ = {isa = PBXFileReference; lastKnownFileType = folder.assetcatalog; path = Images.xcassets; sourceTree = "<group>"; };
		7E5C90831BD75B6C00DA1D78 /* Base */ = {isa = PBXFileReference; lastKnownFileType = file.storyboard; name = Base; path = Base.lproj/LaunchScreen.storyboard; sourceTree = "<group>"; };
		7E5C90851BD7760A00DA1D78 /* UserRankTableViewController.swift */ = {isa = PBXFileReference; fileEncoding = 4; lastKnownFileType = sourcecode.swift; path = UserRankTableViewController.swift; sourceTree = "<group>"; };
		7E5C90871BD77BB700DA1D78 /* RankTableViewCell.swift */ = {isa = PBXFileReference; fileEncoding = 4; lastKnownFileType = sourcecode.swift; path = RankTableViewCell.swift; sourceTree = "<group>"; };
		7E5C908B1BD77F2C00DA1D78 /* User.swift */ = {isa = PBXFileReference; fileEncoding = 4; lastKnownFileType = sourcecode.swift; path = User.swift; sourceTree = "<group>"; };
		7E5C90CA1BD791D100DA1D78 /* SwiftyJSON.xcodeproj */ = {isa = PBXFileReference; lastKnownFileType = "wrapper.pb-project"; name = SwiftyJSON.xcodeproj; path = ../../github_opensource/SwiftyJSON/SwiftyJSON.xcodeproj; sourceTree = "<group>"; };
		7E5C90DC1BD791DF00DA1D78 /* Alamofire.xcodeproj */ = {isa = PBXFileReference; lastKnownFileType = "wrapper.pb-project"; name = Alamofire.xcodeproj; path = ../../github_opensource/Alamofire/Alamofire.xcodeproj; sourceTree = "<group>"; };
		7E5C90F71BD7956A00DA1D78 /* Server.swift */ = {isa = PBXFileReference; fileEncoding = 4; lastKnownFileType = sourcecode.swift; path = Server.swift; sourceTree = "<group>"; };
		7EEDBFCC1BD8C59E00D576A9 /* LanguageTableViewController.swift */ = {isa = PBXFileReference; fileEncoding = 4; lastKnownFileType = sourcecode.swift; name = LanguageTableViewController.swift; path = Core/Common/LanguageTableViewController.swift; sourceTree = "<group>"; };
		7EEDBFCE1BD8C62500D576A9 /* CountyTableViewController.swift */ = {isa = PBXFileReference; fileEncoding = 4; lastKnownFileType = sourcecode.swift; name = CountyTableViewController.swift; path = Core/Common/CountyTableViewController.swift; sourceTree = "<group>"; };
		7EEDBFD01BD8C63800D576A9 /* CityTableViewController.swift */ = {isa = PBXFileReference; fileEncoding = 4; lastKnownFileType = sourcecode.swift; name = CityTableViewController.swift; path = Core/Common/CityTableViewController.swift; sourceTree = "<group>"; };
		7EEDBFD21BD8E4EE00D576A9 /* Language.swift */ = {isa = PBXFileReference; fileEncoding = 4; lastKnownFileType = sourcecode.swift; path = Language.swift; sourceTree = "<group>"; };
/* End PBXFileReference section */

/* Begin PBXFrameworksBuildPhase section */
		7E5C8FEA1BD72BA700DA1D78 /* Frameworks */ = {
			isa = PBXFrameworksBuildPhase;
			buildActionMask = 2147483647;
			files = (
				7E5C90F31BD7920500DA1D78 /* SwiftyJSON.framework in Frameworks */,
				7E5C90EE1BD791F700DA1D78 /* Alamofire.framework in Frameworks */,
			);
			runOnlyForDeploymentPostprocessing = 0;
		};
/* End PBXFrameworksBuildPhase section */

/* Begin PBXGroup section */
		7E5C8FE41BD72BA700DA1D78 = {
			isa = PBXGroup;
			children = (
				7E5C8FEF1BD72BA700DA1D78 /* Github */,
				7E5C8FEE1BD72BA700DA1D78 /* Products */,
				7E5C90DC1BD791DF00DA1D78 /* Alamofire.xcodeproj */,
				7E5C90CA1BD791D100DA1D78 /* SwiftyJSON.xcodeproj */,
			);
			sourceTree = "<group>";
		};
		7E5C8FEE1BD72BA700DA1D78 /* Products */ = {
			isa = PBXGroup;
			children = (
				7E5C8FED1BD72BA700DA1D78 /* Github.app */,
			);
			name = Products;
			sourceTree = "<group>";
		};
		7E5C8FEF1BD72BA700DA1D78 /* Github */ = {
			isa = PBXGroup;
			children = (
				7E5C90031BD72C4100DA1D78 /* Core */,
				7E5C90021BD72BB600DA1D78 /* Supporting Files */,
				7E5C8FF01BD72BA700DA1D78 /* AppDelegate.swift */,
				7E5C90181BD72F5F00DA1D78 /* HomeTabViewController.swift */,
			);
			path = Github;
			sourceTree = "<group>";
		};
		7E5C90021BD72BB600DA1D78 /* Supporting Files */ = {
			isa = PBXGroup;
			children = (
				7E5C90821BD75B6C00DA1D78 /* LaunchScreen.storyboard */,
				7E5C8FF41BD72BA700DA1D78 /* Main.storyboard */,
				7E5C8FFC1BD72BA700DA1D78 /* Info.plist */,
				7E5C907E1BD732DE00DA1D78 /* Images.xcassets */,
			);
			name = "Supporting Files";
			sourceTree = "<group>";
		};
		7E5C90031BD72C4100DA1D78 /* Core */ = {
			isa = PBXGroup;
			children = (
				7E5C90051BD72C5F00DA1D78 /* Module */,
				7E5C90041BD72C5600DA1D78 /* Common */,
			);
			name = Core;
			sourceTree = "<group>";
		};
		7E5C90041BD72C5600DA1D78 /* Common */ = {
			isa = PBXGroup;
			children = (
				7E5C908A1BD77D5A00DA1D78 /* Views */,
				7E5C90891BD77D4C00DA1D78 /* Models */,
				7E5C90F71BD7956A00DA1D78 /* Server.swift */,
				7EEDBFCC1BD8C59E00D576A9 /* LanguageTableViewController.swift */,
				7EEDBFCE1BD8C62500D576A9 /* CountyTableViewController.swift */,
				7EEDBFD01BD8C63800D576A9 /* CityTableViewController.swift */,
			);
			name = Common;
			sourceTree = "<group>";
		};
		7E5C90051BD72C5F00DA1D78 /* Module */ = {
			isa = PBXGroup;
			children = (
				7E5C90091BD72CBA00DA1D78 /* PersonalModule */,
				7E5C90081BD72CA000DA1D78 /* RepositoriesModule */,
				7E5C90071BD72C9300DA1D78 /* DiscoveryModule */,
				7E5C90061BD72C8900DA1D78 /* UserModule */,
			);
			name = Module;
			sourceTree = "<group>";
		};
		7E5C90061BD72C8900DA1D78 /* UserModule */ = {
			isa = PBXGroup;
			children = (
				7E5C900A1BD72D2E00DA1D78 /* UserDetailViewController.swift */,
				7E5C90851BD7760A00DA1D78 /* UserRankTableViewController.swift */,
			);
			name = UserModule;
			sourceTree = "<group>";
		};
		7E5C90071BD72C9300DA1D78 /* DiscoveryModule */ = {
			isa = PBXGroup;
			children = (
				7E5C90141BD72E3600DA1D78 /* DiscoveryViewController.swift */,
			);
			name = DiscoveryModule;
			sourceTree = "<group>";
		};
		7E5C90081BD72CA000DA1D78 /* RepositoriesModule */ = {
			isa = PBXGroup;
			children = (
				7E5C90121BD72E0E00DA1D78 /* RepositoriesViewController.swift */,
			);
			name = RepositoriesModule;
			sourceTree = "<group>";
		};
		7E5C90091BD72CBA00DA1D78 /* PersonalModule */ = {
			isa = PBXGroup;
			children = (
				7E5C90161BD72E4700DA1D78 /* MoreViewController.swift */,
			);
			name = PersonalModule;
			sourceTree = "<group>";
		};
		7E5C90891BD77D4C00DA1D78 /* Models */ = {
			isa = PBXGroup;
			children = (
				7E5C908B1BD77F2C00DA1D78 /* User.swift */,
				7EEDBFD21BD8E4EE00D576A9 /* Language.swift */,
			);
			name = Models;
			sourceTree = "<group>";
		};
		7E5C908A1BD77D5A00DA1D78 /* Views */ = {
			isa = PBXGroup;
			children = (
				7E5C90871BD77BB700DA1D78 /* RankTableViewCell.swift */,
			);
			name = Views;
			sourceTree = "<group>";
		};
		7E5C90CB1BD791D100DA1D78 /* Products */ = {
			isa = PBXGroup;
			children = (
				7E5C90D31BD791D100DA1D78 /* SwiftyJSON.framework */,
				7E5C90D51BD791D100DA1D78 /* SwiftyJSON iOS Tests.xctest */,
				7E5C90D71BD791D100DA1D78 /* SwiftyJSON.framework */,
				7E5C90D91BD791D100DA1D78 /* SwiftyJSON OSX Tests.xctest */,
				7E5C90DB1BD791D100DA1D78 /* SwiftyJSON.framework */,
			);
			name = Products;
			sourceTree = "<group>";
		};
		7E5C90DD1BD791DF00DA1D78 /* Products */ = {
			isa = PBXGroup;
			children = (
				7E5C90E51BD791DF00DA1D78 /* Alamofire.framework */,
				7E5C90E71BD791DF00DA1D78 /* Alamofire.framework */,
				7E5C90E91BD791DF00DA1D78 /* Alamofire.framework */,
				7E5C90EB1BD791DF00DA1D78 /* Alamofire iOS Tests.xctest */,
				7E5C90ED1BD791DF00DA1D78 /* Alamofire OSX Tests.xctest */,
			);
			name = Products;
			sourceTree = "<group>";
		};
/* End PBXGroup section */

/* Begin PBXNativeTarget section */
		7E5C8FEC1BD72BA700DA1D78 /* Github */ = {
			isa = PBXNativeTarget;
			buildConfigurationList = 7E5C8FFF1BD72BA700DA1D78 /* Build configuration list for PBXNativeTarget "Github" */;
			buildPhases = (
				7E5C8FE91BD72BA700DA1D78 /* Sources */,
				7E5C8FEA1BD72BA700DA1D78 /* Frameworks */,
				7E5C8FEB1BD72BA700DA1D78 /* Resources */,
				7E5C90F21BD791F700DA1D78 /* Embed Frameworks */,
			);
			buildRules = (
			);
			dependencies = (
				7E5C90F11BD791F700DA1D78 /* PBXTargetDependency */,
				7E5C90F61BD7920500DA1D78 /* PBXTargetDependency */,
			);
			name = Github;
			productName = Github;
			productReference = 7E5C8FED1BD72BA700DA1D78 /* Github.app */;
			productType = "com.apple.product-type.application";
		};
/* End PBXNativeTarget section */

/* Begin PBXProject section */
		7E5C8FE51BD72BA700DA1D78 /* Project object */ = {
			isa = PBXProject;
			attributes = {
				LastUpgradeCheck = 0700;
				ORGANIZATIONNAME = frodo;
				TargetAttributes = {
					7E5C8FEC1BD72BA700DA1D78 = {
						CreatedOnToolsVersion = 7.0;
						DevelopmentTeam = PM6PSWQ2QG;
					};
				};
			};
			buildConfigurationList = 7E5C8FE81BD72BA700DA1D78 /* Build configuration list for PBXProject "Github" */;
			compatibilityVersion = "Xcode 3.2";
			developmentRegion = English;
			hasScannedForEncodings = 0;
			knownRegions = (
				en,
				Base,
			);
			mainGroup = 7E5C8FE41BD72BA700DA1D78;
			productRefGroup = 7E5C8FEE1BD72BA700DA1D78 /* Products */;
			projectDirPath = "";
			projectReferences = (
				{
					ProductGroup = 7E5C90DD1BD791DF00DA1D78 /* Products */;
					ProjectRef = 7E5C90DC1BD791DF00DA1D78 /* Alamofire.xcodeproj */;
				},
				{
					ProductGroup = 7E5C90CB1BD791D100DA1D78 /* Products */;
					ProjectRef = 7E5C90CA1BD791D100DA1D78 /* SwiftyJSON.xcodeproj */;
				},
			);
			projectRoot = "";
			targets = (
				7E5C8FEC1BD72BA700DA1D78 /* Github */,
			);
		};
/* End PBXProject section */

/* Begin PBXReferenceProxy section */
		7E5C90D31BD791D100DA1D78 /* SwiftyJSON.framework */ = {
			isa = PBXReferenceProxy;
			fileType = wrapper.framework;
			path = SwiftyJSON.framework;
			remoteRef = 7E5C90D21BD791D100DA1D78 /* PBXContainerItemProxy */;
			sourceTree = BUILT_PRODUCTS_DIR;
		};
		7E5C90D51BD791D100DA1D78 /* SwiftyJSON iOS Tests.xctest */ = {
			isa = PBXReferenceProxy;
			fileType = wrapper.cfbundle;
			path = "SwiftyJSON iOS Tests.xctest";
			remoteRef = 7E5C90D41BD791D100DA1D78 /* PBXContainerItemProxy */;
			sourceTree = BUILT_PRODUCTS_DIR;
		};
		7E5C90D71BD791D100DA1D78 /* SwiftyJSON.framework */ = {
			isa = PBXReferenceProxy;
			fileType = wrapper.framework;
			path = SwiftyJSON.framework;
			remoteRef = 7E5C90D61BD791D100DA1D78 /* PBXContainerItemProxy */;
			sourceTree = BUILT_PRODUCTS_DIR;
		};
		7E5C90D91BD791D100DA1D78 /* SwiftyJSON OSX Tests.xctest */ = {
			isa = PBXReferenceProxy;
			fileType = wrapper.cfbundle;
			path = "SwiftyJSON OSX Tests.xctest";
			remoteRef = 7E5C90D81BD791D100DA1D78 /* PBXContainerItemProxy */;
			sourceTree = BUILT_PRODUCTS_DIR;
		};
		7E5C90DB1BD791D100DA1D78 /* SwiftyJSON.framework */ = {
			isa = PBXReferenceProxy;
			fileType = wrapper.framework;
			path = SwiftyJSON.framework;
			remoteRef = 7E5C90DA1BD791D100DA1D78 /* PBXContainerItemProxy */;
			sourceTree = BUILT_PRODUCTS_DIR;
		};
		7E5C90E51BD791DF00DA1D78 /* Alamofire.framework */ = {
			isa = PBXReferenceProxy;
			fileType = wrapper.framework;
			path = Alamofire.framework;
			remoteRef = 7E5C90E41BD791DF00DA1D78 /* PBXContainerItemProxy */;
			sourceTree = BUILT_PRODUCTS_DIR;
		};
		7E5C90E71BD791DF00DA1D78 /* Alamofire.framework */ = {
			isa = PBXReferenceProxy;
			fileType = wrapper.framework;
			path = Alamofire.framework;
			remoteRef = 7E5C90E61BD791DF00DA1D78 /* PBXContainerItemProxy */;
			sourceTree = BUILT_PRODUCTS_DIR;
		};
		7E5C90E91BD791DF00DA1D78 /* Alamofire.framework */ = {
			isa = PBXReferenceProxy;
			fileType = wrapper.framework;
			path = Alamofire.framework;
			remoteRef = 7E5C90E81BD791DF00DA1D78 /* PBXContainerItemProxy */;
			sourceTree = BUILT_PRODUCTS_DIR;
		};
		7E5C90EB1BD791DF00DA1D78 /* Alamofire iOS Tests.xctest */ = {
			isa = PBXReferenceProxy;
			fileType = wrapper.cfbundle;
			path = "Alamofire iOS Tests.xctest";
			remoteRef = 7E5C90EA1BD791DF00DA1D78 /* PBXContainerItemProxy */;
			sourceTree = BUILT_PRODUCTS_DIR;
		};
		7E5C90ED1BD791DF00DA1D78 /* Alamofire OSX Tests.xctest */ = {
			isa = PBXReferenceProxy;
			fileType = wrapper.cfbundle;
			path = "Alamofire OSX Tests.xctest";
			remoteRef = 7E5C90EC1BD791DF00DA1D78 /* PBXContainerItemProxy */;
			sourceTree = BUILT_PRODUCTS_DIR;
		};
/* End PBXReferenceProxy section */

/* Begin PBXResourcesBuildPhase section */
		7E5C8FEB1BD72BA700DA1D78 /* Resources */ = {
			isa = PBXResourcesBuildPhase;
			buildActionMask = 2147483647;
			files = (
				7E5C90841BD75B6C00DA1D78 /* LaunchScreen.storyboard in Resources */,
				7E5C907F1BD732DE00DA1D78 /* Images.xcassets in Resources */,
				7E5C8FF61BD72BA700DA1D78 /* Main.storyboard in Resources */,
			);
			runOnlyForDeploymentPostprocessing = 0;
		};
/* End PBXResourcesBuildPhase section */

/* Begin PBXSourcesBuildPhase section */
		7E5C8FE91BD72BA700DA1D78 /* Sources */ = {
			isa = PBXSourcesBuildPhase;
			buildActionMask = 2147483647;
			files = (
				7E5C90191BD72F5F00DA1D78 /* HomeTabViewController.swift in Sources */,
				7E5C90171BD72E4700DA1D78 /* MoreViewController.swift in Sources */,
				7EEDBFCD1BD8C59E00D576A9 /* LanguageTableViewController.swift in Sources */,
				7EEDBFD31BD8E4EE00D576A9 /* Language.swift in Sources */,
				7E5C8FF11BD72BA700DA1D78 /* AppDelegate.swift in Sources */,
				7E5C900B1BD72D2E00DA1D78 /* UserDetailViewController.swift in Sources */,
				7E5C90131BD72E0E00DA1D78 /* RepositoriesViewController.swift in Sources */,
				7E5C90881BD77BB700DA1D78 /* RankTableViewCell.swift in Sources */,
				7EEDBFCF1BD8C62500D576A9 /* CountyTableViewController.swift in Sources */,
				7E5C90861BD7760A00DA1D78 /* UserRankTableViewController.swift in Sources */,
				7E5C90151BD72E3600DA1D78 /* DiscoveryViewController.swift in Sources */,
				7EEDBFD11BD8C63800D576A9 /* CityTableViewController.swift in Sources */,
				7E5C90F81BD7956A00DA1D78 /* Server.swift in Sources */,
				7E5C908C1BD77F2C00DA1D78 /* User.swift in Sources */,
			);
			runOnlyForDeploymentPostprocessing = 0;
		};
/* End PBXSourcesBuildPhase section */

/* Begin PBXTargetDependency section */
		7E5C90F11BD791F700DA1D78 /* PBXTargetDependency */ = {
			isa = PBXTargetDependency;
			name = "Alamofire iOS";
			targetProxy = 7E5C90F01BD791F700DA1D78 /* PBXContainerItemProxy */;
		};
		7E5C90F61BD7920500DA1D78 /* PBXTargetDependency */ = {
			isa = PBXTargetDependency;
			name = "SwiftyJSON iOS";
			targetProxy = 7E5C90F51BD7920500DA1D78 /* PBXContainerItemProxy */;
		};
/* End PBXTargetDependency section */

/* Begin PBXVariantGroup section */
		7E5C8FF41BD72BA700DA1D78 /* Main.storyboard */ = {
			isa = PBXVariantGroup;
			children = (
				7E5C8FF51BD72BA700DA1D78 /* Base */,
			);
			name = Main.storyboard;
			sourceTree = "<group>";
		};
		7E5C90821BD75B6C00DA1D78 /* LaunchScreen.storyboard */ = {
			isa = PBXVariantGroup;
			children = (
				7E5C90831BD75B6C00DA1D78 /* Base */,
			);
			name = LaunchScreen.storyboard;
			sourceTree = "<group>";
		};
/* End PBXVariantGroup section */

/* Begin XCBuildConfiguration section */
		7E5C8FFD1BD72BA700DA1D78 /* Debug */ = {
			isa = XCBuildConfiguration;
			buildSettings = {
				ALWAYS_SEARCH_USER_PATHS = NO;
				CLANG_CXX_LANGUAGE_STANDARD = "gnu++0x";
				CLANG_CXX_LIBRARY = "libc++";
				CLANG_ENABLE_MODULES = YES;
				CLANG_ENABLE_OBJC_ARC = YES;
				CLANG_WARN_BOOL_CONVERSION = YES;
				CLANG_WARN_CONSTANT_CONVERSION = YES;
				CLANG_WARN_DIRECT_OBJC_ISA_USAGE = YES_ERROR;
				CLANG_WARN_EMPTY_BODY = YES;
				CLANG_WARN_ENUM_CONVERSION = YES;
				CLANG_WARN_INT_CONVERSION = YES;
				CLANG_WARN_OBJC_ROOT_CLASS = YES_ERROR;
				CLANG_WARN_UNREACHABLE_CODE = YES;
				CLANG_WARN__DUPLICATE_METHOD_MATCH = YES;
				"CODE_SIGN_IDENTITY[sdk=iphoneos*]" = "iPhone Developer";
				COPY_PHASE_STRIP = NO;
				DEBUG_INFORMATION_FORMAT = dwarf;
				ENABLE_STRICT_OBJC_MSGSEND = YES;
				ENABLE_TESTABILITY = YES;
				GCC_C_LANGUAGE_STANDARD = gnu99;
				GCC_DYNAMIC_NO_PIC = NO;
				GCC_NO_COMMON_BLOCKS = YES;
				GCC_OPTIMIZATION_LEVEL = 0;
				GCC_PREPROCESSOR_DEFINITIONS = (
					"DEBUG=1",
					"$(inherited)",
				);
				GCC_WARN_64_TO_32_BIT_CONVERSION = YES;
				GCC_WARN_ABOUT_RETURN_TYPE = YES_ERROR;
				GCC_WARN_UNDECLARED_SELECTOR = YES;
				GCC_WARN_UNINITIALIZED_AUTOS = YES_AGGRESSIVE;
				GCC_WARN_UNUSED_FUNCTION = YES;
				GCC_WARN_UNUSED_VARIABLE = YES;
				IPHONEOS_DEPLOYMENT_TARGET = 9.0;
				MTL_ENABLE_DEBUG_INFO = YES;
				ONLY_ACTIVE_ARCH = YES;
				SDKROOT = iphoneos;
				SWIFT_OPTIMIZATION_LEVEL = "-Onone";
				TARGETED_DEVICE_FAMILY = "1,2";
			};
			name = Debug;
		};
		7E5C8FFE1BD72BA700DA1D78 /* Release */ = {
			isa = XCBuildConfiguration;
			buildSettings = {
				ALWAYS_SEARCH_USER_PATHS = NO;
				CLANG_CXX_LANGUAGE_STANDARD = "gnu++0x";
				CLANG_CXX_LIBRARY = "libc++";
				CLANG_ENABLE_MODULES = YES;
				CLANG_ENABLE_OBJC_ARC = YES;
				CLANG_WARN_BOOL_CONVERSION = YES;
				CLANG_WARN_CONSTANT_CONVERSION = YES;
				CLANG_WARN_DIRECT_OBJC_ISA_USAGE = YES_ERROR;
				CLANG_WARN_EMPTY_BODY = YES;
				CLANG_WARN_ENUM_CONVERSION = YES;
				CLANG_WARN_INT_CONVERSION = YES;
				CLANG_WARN_OBJC_ROOT_CLASS = YES_ERROR;
				CLANG_WARN_UNREACHABLE_CODE = YES;
				CLANG_WARN__DUPLICATE_METHOD_MATCH = YES;
				"CODE_SIGN_IDENTITY[sdk=iphoneos*]" = "iPhone Developer";
				COPY_PHASE_STRIP = NO;
				DEBUG_INFORMATION_FORMAT = "dwarf-with-dsym";
				ENABLE_NS_ASSERTIONS = NO;
				ENABLE_STRICT_OBJC_MSGSEND = YES;
				GCC_C_LANGUAGE_STANDARD = gnu99;
				GCC_NO_COMMON_BLOCKS = YES;
				GCC_WARN_64_TO_32_BIT_CONVERSION = YES;
				GCC_WARN_ABOUT_RETURN_TYPE = YES_ERROR;
				GCC_WARN_UNDECLARED_SELECTOR = YES;
				GCC_WARN_UNINITIALIZED_AUTOS = YES_AGGRESSIVE;
				GCC_WARN_UNUSED_FUNCTION = YES;
				GCC_WARN_UNUSED_VARIABLE = YES;
				IPHONEOS_DEPLOYMENT_TARGET = 9.0;
				MTL_ENABLE_DEBUG_INFO = NO;
				SDKROOT = iphoneos;
				TARGETED_DEVICE_FAMILY = "1,2";
				VALIDATE_PRODUCT = YES;
			};
			name = Release;
		};
		7E5C90001BD72BA700DA1D78 /* Debug */ = {
			isa = XCBuildConfiguration;
			buildSettings = {
				ASSETCATALOG_COMPILER_APPICON_NAME = AppIcon;
				ASSETCATALOG_COMPILER_LAUNCHIMAGE_NAME = LaunchImage;
				EMBEDDED_CONTENT_CONTAINS_SWIFT = YES;
				INFOPLIST_FILE = Github/Info.plist;
				LD_RUNPATH_SEARCH_PATHS = "$(inherited) @executable_path/Frameworks";
				PRODUCT_BUNDLE_IDENTIFIER = frodo.Github;
				PRODUCT_NAME = "$(TARGET_NAME)";
			};
			name = Debug;
		};
		7E5C90011BD72BA700DA1D78 /* Release */ = {
			isa = XCBuildConfiguration;
			buildSettings = {
				ASSETCATALOG_COMPILER_APPICON_NAME = AppIcon;
				ASSETCATALOG_COMPILER_LAUNCHIMAGE_NAME = LaunchImage;
				EMBEDDED_CONTENT_CONTAINS_SWIFT = YES;
				INFOPLIST_FILE = Github/Info.plist;
				LD_RUNPATH_SEARCH_PATHS = "$(inherited) @executable_path/Frameworks";
				PRODUCT_BUNDLE_IDENTIFIER = frodo.Github;
				PRODUCT_NAME = "$(TARGET_NAME)";
			};
			name = Release;
		};
/* End XCBuildConfiguration section */

/* Begin XCConfigurationList section */
		7E5C8FE81BD72BA700DA1D78 /* Build configuration list for PBXProject "Github" */ = {
			isa = XCConfigurationList;
			buildConfigurations = (
				7E5C8FFD1BD72BA700DA1D78 /* Debug */,
				7E5C8FFE1BD72BA700DA1D78 /* Release */,
			);
			defaultConfigurationIsVisible = 0;
			defaultConfigurationName = Release;
		};
		7E5C8FFF1BD72BA700DA1D78 /* Build configuration list for PBXNativeTarget "Github" */ = {
			isa = XCConfigurationList;
			buildConfigurations = (
				7E5C90001BD72BA700DA1D78 /* Debug */,
				7E5C90011BD72BA700DA1D78 /* Release */,
			);
			defaultConfigurationIsVisible = 0;
			defaultConfigurationName = Release;
		};
/* End XCConfigurationList section */
	};
	rootObject = 7E5C8FE51BD72BA700DA1D78 /* Project object */;
}
